
Microsoft Visual Studio Solution File, Format Version 12.00
# Visual Studio Version 16
VisualStudioVersion = 16.0.31313.79
MinimumVisualStudioVersion = 10.0.40219.1
Project("{FAE04EC0-301F-11D3-BF4B-00C04F79EFBC}") = "2BhkFloorplan", "2BhkFloorplan.csproj", "{2E90E28A-37B0-4F87-8D59-271F53CAE87E}"
EndProject
Global
	GlobalSection(SolutionConfigurationPlatforms) = preSolution
		Debug|Any CPU = Debug|Any CPU
		Release|Any CPU = Release|Any CPU
	EndGlobalSection
	GlobalSection(ProjectConfigurationPlatforms) = postSolution
		{2E90E28A-37B0-4F87-8D59-271F53CAE87E}.Debug|Any CPU.ActiveCfg = Debug|Any CPU
		{2E90E28A-37B0-4F87-8D59-271F53CAE87E}.Debug|Any CPU.Build.0 = Debug|Any CPU
		{2E90E28A-37B0-4F87-8D59-271F53CAE87E}.Release|Any CPU.ActiveCfg = Release|Any CPU
		{2E90E28A-37B0-4F87-8D59-271F53CAE87E}.Release|Any CPU.Build.0 = Release|Any CPU
	EndGlobalSection
	GlobalSection(SolutionProperties) = preSolution
		HideSolutionNode = FALSE
	EndGlobalSection
	GlobalSection(ExtensibilityGlobals) = postSolution
		SolutionGuid = {7B740EB4-841B-4365-93FC-2549249054F5}
	EndGlobalSection
EndGlobal
